// !$*UTF8*$!
{
	archiveVersion = 1;
	classes = {
	};
	objectVersion = 46;
	objects = {

/* Begin PBXBuildFile section */
		C4484E9F1707ECC600ACF36F /* DSEInputViewController.m in Sources */ = {isa = PBXBuildFile; fileRef = C4484E9E1707ECC600ACF36F /* DSEInputViewController.m */; };
		C481C1811706282F00AF9EBB /* UIKit.framework in Frameworks */ = {isa = PBXBuildFile; fileRef = C481C1801706282F00AF9EBB /* UIKit.framework */; };
		C481C1831706282F00AF9EBB /* Foundation.framework in Frameworks */ = {isa = PBXBuildFile; fileRef = C481C1821706282F00AF9EBB /* Foundation.framework */; };
		C481C1851706282F00AF9EBB /* CoreGraphics.framework in Frameworks */ = {isa = PBXBuildFile; fileRef = C481C1841706282F00AF9EBB /* CoreGraphics.framework */; };
		C481C1871706282F00AF9EBB /* CoreData.framework in Frameworks */ = {isa = PBXBuildFile; fileRef = C481C1861706282F00AF9EBB /* CoreData.framework */; };
		C481C18D1706282F00AF9EBB /* InfoPlist.strings in Resources */ = {isa = PBXBuildFile; fileRef = C481C18B1706282F00AF9EBB /* InfoPlist.strings */; };
		C481C18F1706282F00AF9EBB /* main.m in Sources */ = {isa = PBXBuildFile; fileRef = C481C18E1706282F00AF9EBB /* main.m */; };
		C481C1931706282F00AF9EBB /* DSEAppDelegate.m in Sources */ = {isa = PBXBuildFile; fileRef = C481C1921706282F00AF9EBB /* DSEAppDelegate.m */; };
		C481C1951706282F00AF9EBB /* Default.png in Resources */ = {isa = PBXBuildFile; fileRef = C481C1941706282F00AF9EBB /* Default.png */; };
		C481C1971706282F00AF9EBB /* Default@2x.png in Resources */ = {isa = PBXBuildFile; fileRef = C481C1961706282F00AF9EBB /* Default@2x.png */; };
		C481C1991706282F00AF9EBB /* Default-568h@2x.png in Resources */ = {isa = PBXBuildFile; fileRef = C481C1981706282F00AF9EBB /* Default-568h@2x.png */; };
		C481C19C1706282F00AF9EBB /* MainStoryboard_iPhone.storyboard in Resources */ = {isa = PBXBuildFile; fileRef = C481C19A1706282F00AF9EBB /* MainStoryboard_iPhone.storyboard */; };
		C481C19F1706282F00AF9EBB /* MainStoryboard_iPad.storyboard in Resources */ = {isa = PBXBuildFile; fileRef = C481C19D1706282F00AF9EBB /* MainStoryboard_iPad.storyboard */; };
		C481C1A21706282F00AF9EBB /* OneThing.xcdatamodeld in Sources */ = {isa = PBXBuildFile; fileRef = C481C1A01706282F00AF9EBB /* OneThing.xcdatamodeld */; };
		C481C1A51706282F00AF9EBB /* DSEMasterViewController.m in Sources */ = {isa = PBXBuildFile; fileRef = C481C1A41706282F00AF9EBB /* DSEMasterViewController.m */; };
		C481C1A81706282F00AF9EBB /* DSEDetailViewController.m in Sources */ = {isa = PBXBuildFile; fileRef = C481C1A71706282F00AF9EBB /* DSEDetailViewController.m */; };
		C481C1B0170628D500AF9EBB /* Event.m in Sources */ = {isa = PBXBuildFile; fileRef = C481C1AF170628D500AF9EBB /* Event.m */; };
/* End PBXBuildFile section */

/* Begin PBXFileReference section */
		C4484E9D1707ECC600ACF36F /* DSEInputViewController.h */ = {isa = PBXFileReference; fileEncoding = 4; lastKnownFileType = sourcecode.c.h; path = DSEInputViewController.h; sourceTree = "<group>"; };
		C4484E9E1707ECC600ACF36F /* DSEInputViewController.m */ = {isa = PBXFileReference; fileEncoding = 4; lastKnownFileType = sourcecode.c.objc; path = DSEInputViewController.m; sourceTree = "<group>"; };
		C481C17D1706282F00AF9EBB /* OneThing.app */ = {isa = PBXFileReference; explicitFileType = wrapper.application; includeInIndex = 0; path = OneThing.app; sourceTree = BUILT_PRODUCTS_DIR; };
		C481C1801706282F00AF9EBB /* UIKit.framework */ = {isa = PBXFileReference; lastKnownFileType = wrapper.framework; name = UIKit.framework; path = System/Library/Frameworks/UIKit.framework; sourceTree = SDKROOT; };
		C481C1821706282F00AF9EBB /* Foundation.framework */ = {isa = PBXFileReference; lastKnownFileType = wrapper.framework; name = Foundation.framework; path = System/Library/Frameworks/Foundation.framework; sourceTree = SDKROOT; };
		C481C1841706282F00AF9EBB /* CoreGraphics.framework */ = {isa = PBXFileReference; lastKnownFileType = wrapper.framework; name = CoreGraphics.framework; path = System/Library/Frameworks/CoreGraphics.framework; sourceTree = SDKROOT; };
		C481C1861706282F00AF9EBB /* CoreData.framework */ = {isa = PBXFileReference; lastKnownFileType = wrapper.framework; name = CoreData.framework; path = System/Library/Frameworks/CoreData.framework; sourceTree = SDKROOT; };
		C481C18A1706282F00AF9EBB /* OneThing-Info.plist */ = {isa = PBXFileReference; lastKnownFileType = text.plist.xml; path = "OneThing-Info.plist"; sourceTree = "<group>"; };
		C481C18C1706282F00AF9EBB /* en */ = {isa = PBXFileReference; lastKnownFileType = text.plist.strings; name = en; path = en.lproj/InfoPlist.strings; sourceTree = "<group>"; };
		C481C18E1706282F00AF9EBB /* main.m */ = {isa = PBXFileReference; lastKnownFileType = sourcecode.c.objc; path = main.m; sourceTree = "<group>"; };
		C481C1901706282F00AF9EBB /* OneThing-Prefix.pch */ = {isa = PBXFileReference; lastKnownFileType = sourcecode.c.h; path = "OneThing-Prefix.pch"; sourceTree = "<group>"; };
		C481C1911706282F00AF9EBB /* DSEAppDelegate.h */ = {isa = PBXFileReference; lastKnownFileType = sourcecode.c.h; path = DSEAppDelegate.h; sourceTree = "<group>"; };
		C481C1921706282F00AF9EBB /* DSEAppDelegate.m */ = {isa = PBXFileReference; lastKnownFileType = sourcecode.c.objc; path = DSEAppDelegate.m; sourceTree = "<group>"; };
		C481C1941706282F00AF9EBB /* Default.png */ = {isa = PBXFileReference; lastKnownFileType = image.png; path = Default.png; sourceTree = "<group>"; };
		C481C1961706282F00AF9EBB /* Default@2x.png */ = {isa = PBXFileReference; lastKnownFileType = image.png; path = "Default@2x.png"; sourceTree = "<group>"; };
		C481C1981706282F00AF9EBB /* Default-568h@2x.png */ = {isa = PBXFileReference; lastKnownFileType = image.png; path = "Default-568h@2x.png"; sourceTree = "<group>"; };
		C481C19B1706282F00AF9EBB /* en */ = {isa = PBXFileReference; lastKnownFileType = file.storyboard; name = en; path = en.lproj/MainStoryboard_iPhone.storyboard; sourceTree = "<group>"; };
		C481C19E1706282F00AF9EBB /* en */ = {isa = PBXFileReference; lastKnownFileType = file.storyboard; name = en; path = en.lproj/MainStoryboard_iPad.storyboard; sourceTree = "<group>"; };
		C481C1A11706282F00AF9EBB /* OneThing.xcdatamodel */ = {isa = PBXFileReference; lastKnownFileType = wrapper.xcdatamodel; path = OneThing.xcdatamodel; sourceTree = "<group>"; };
		C481C1A31706282F00AF9EBB /* DSEMasterViewController.h */ = {isa = PBXFileReference; lastKnownFileType = sourcecode.c.h; path = DSEMasterViewController.h; sourceTree = "<group>"; };
		C481C1A41706282F00AF9EBB /* DSEMasterViewController.m */ = {isa = PBXFileReference; lastKnownFileType = sourcecode.c.objc; path = DSEMasterViewController.m; sourceTree = "<group>"; };
		C481C1A61706282F00AF9EBB /* DSEDetailViewController.h */ = {isa = PBXFileReference; lastKnownFileType = sourcecode.c.h; path = DSEDetailViewController.h; sourceTree = "<group>"; };
		C481C1A71706282F00AF9EBB /* DSEDetailViewController.m */ = {isa = PBXFileReference; lastKnownFileType = sourcecode.c.objc; path = DSEDetailViewController.m; sourceTree = "<group>"; };
		C481C1AE170628D500AF9EBB /* Event.h */ = {isa = PBXFileReference; fileEncoding = 4; lastKnownFileType = sourcecode.c.h; path = Event.h; sourceTree = "<group>"; };
		C481C1AF170628D500AF9EBB /* Event.m */ = {isa = PBXFileReference; fileEncoding = 4; lastKnownFileType = sourcecode.c.objc; path = Event.m; sourceTree = "<group>"; };
/* End PBXFileReference section */

/* Begin PBXFrameworksBuildPhase section */
		C481C17A1706282F00AF9EBB /* Frameworks */ = {
			isa = PBXFrameworksBuildPhase;
			buildActionMask = 2147483647;
			files = (
				C481C1811706282F00AF9EBB /* UIKit.framework in Frameworks */,
				C481C1831706282F00AF9EBB /* Foundation.framework in Frameworks */,
				C481C1851706282F00AF9EBB /* CoreGraphics.framework in Frameworks */,
				C481C1871706282F00AF9EBB /* CoreData.framework in Frameworks */,
			);
			runOnlyForDeploymentPostprocessing = 0;
		};
/* End PBXFrameworksBuildPhase section */

/* Begin PBXGroup section */
		C481C1741706282F00AF9EBB = {
			isa = PBXGroup;
			children = (
				C481C1881706282F00AF9EBB /* OneThing */,
				C481C17F1706282F00AF9EBB /* Frameworks */,
				C481C17E1706282F00AF9EBB /* Products */,
			);
			sourceTree = "<group>";
		};
		C481C17E1706282F00AF9EBB /* Products */ = {
			isa = PBXGroup;
			children = (
				C481C17D1706282F00AF9EBB /* OneThing.app */,
			);
			name = Products;
			sourceTree = "<group>";
		};
		C481C17F1706282F00AF9EBB /* Frameworks */ = {
			isa = PBXGroup;
			children = (
				C481C1801706282F00AF9EBB /* UIKit.framework */,
				C481C1821706282F00AF9EBB /* Foundation.framework */,
				C481C1841706282F00AF9EBB /* CoreGraphics.framework */,
				C481C1861706282F00AF9EBB /* CoreData.framework */,
			);
			name = Frameworks;
			sourceTree = "<group>";
		};
		C481C1881706282F00AF9EBB /* OneThing */ = {
			isa = PBXGroup;
			children = (
				C481C1911706282F00AF9EBB /* DSEAppDelegate.h */,
				C481C1921706282F00AF9EBB /* DSEAppDelegate.m */,
				C481C19A1706282F00AF9EBB /* MainStoryboard_iPhone.storyboard */,
				C481C19D1706282F00AF9EBB /* MainStoryboard_iPad.storyboard */,
				C481C1A31706282F00AF9EBB /* DSEMasterViewController.h */,
				C481C1A41706282F00AF9EBB /* DSEMasterViewController.m */,
				C481C1A61706282F00AF9EBB /* DSEDetailViewController.h */,
				C481C1A71706282F00AF9EBB /* DSEDetailViewController.m */,
				C481C1A01706282F00AF9EBB /* OneThing.xcdatamodeld */,
				C481C1AE170628D500AF9EBB /* Event.h */,
				C481C1AF170628D500AF9EBB /* Event.m */,
				C481C1891706282F00AF9EBB /* Supporting Files */,
				C4484E9D1707ECC600ACF36F /* DSEInputViewController.h */,
				C4484E9E1707ECC600ACF36F /* DSEInputViewController.m */,
			);
			path = OneThing;
			sourceTree = "<group>";
		};
		C481C1891706282F00AF9EBB /* Supporting Files */ = {
			isa = PBXGroup;
			children = (
				C481C18A1706282F00AF9EBB /* OneThing-Info.plist */,
				C481C18B1706282F00AF9EBB /* InfoPlist.strings */,
				C481C18E1706282F00AF9EBB /* main.m */,
				C481C1901706282F00AF9EBB /* OneThing-Prefix.pch */,
				C481C1941706282F00AF9EBB /* Default.png */,
				C481C1961706282F00AF9EBB /* Default@2x.png */,
				C481C1981706282F00AF9EBB /* Default-568h@2x.png */,
			);
			name = "Supporting Files";
			sourceTree = "<group>";
		};
/* End PBXGroup section */

/* Begin PBXNativeTarget section */
		C481C17C1706282F00AF9EBB /* OneThing */ = {
			isa = PBXNativeTarget;
			buildConfigurationList = C481C1AB1706282F00AF9EBB /* Build configuration list for PBXNativeTarget "OneThing" */;
			buildPhases = (
				C481C1791706282F00AF9EBB /* Sources */,
				C481C17A1706282F00AF9EBB /* Frameworks */,
				C481C17B1706282F00AF9EBB /* Resources */,
			);
			buildRules = (
			);
			dependencies = (
			);
			name = OneThing;
			productName = OneThing;
			productReference = C481C17D1706282F00AF9EBB /* OneThing.app */;
			productType = "com.apple.product-type.application";
		};
/* End PBXNativeTarget section */

/* Begin PBXProject section */
		C481C1751706282F00AF9EBB /* Project object */ = {
			isa = PBXProject;
			attributes = {
				CLASSPREFIX = DSE;
				LastUpgradeCheck = 0460;
				ORGANIZATIONNAME = Deck78;
			};
			buildConfigurationList = C481C1781706282F00AF9EBB /* Build configuration list for PBXProject "OneThing" */;
			compatibilityVersion = "Xcode 3.2";
			developmentRegion = English;
			hasScannedForEncodings = 0;
			knownRegions = (
				en,
			);
			mainGroup = C481C1741706282F00AF9EBB;
			productRefGroup = C481C17E1706282F00AF9EBB /* Products */;
			projectDirPath = "";
			projectRoot = "";
			targets = (
				C481C17C1706282F00AF9EBB /* OneThing */,
			);
		};
/* End PBXProject section */

/* Begin PBXResourcesBuildPhase section */
		C481C17B1706282F00AF9EBB /* Resources */ = {
			isa = PBXResourcesBuildPhase;
			buildActionMask = 2147483647;
			files = (
				C481C18D1706282F00AF9EBB /* InfoPlist.strings in Resources */,
				C481C1951706282F00AF9EBB /* Default.png in Resources */,
				C481C1971706282F00AF9EBB /* Default@2x.png in Resources */,
				C481C1991706282F00AF9EBB /* Default-568h@2x.png in Resources */,
				C481C19C1706282F00AF9EBB /* MainStoryboard_iPhone.storyboard in Resources */,
				C481C19F1706282F00AF9EBB /* MainStoryboard_iPad.storyboard in Resources */,
			);
			runOnlyForDeploymentPostprocessing = 0;
		};
/* End PBXResourcesBuildPhase section */

/* Begin PBXSourcesBuildPhase section */
		C481C1791706282F00AF9EBB /* Sources */ = {
			isa = PBXSourcesBuildPhase;
			buildActionMask = 2147483647;
			files = (
				C481C18F1706282F00AF9EBB /* main.m in Sources */,
				C481C1931706282F00AF9EBB /* DSEAppDelegate.m in Sources */,
				C481C1A21706282F00AF9EBB /* OneThing.xcdatamodeld in Sources */,
				C481C1A51706282F00AF9EBB /* DSEMasterViewController.m in Sources */,
				C481C1A81706282F00AF9EBB /* DSEDetailViewController.m in Sources */,
				C481C1B0170628D500AF9EBB /* Event.m in Sources */,
				C4484E9F1707ECC600ACF36F /* DSEInputViewController.m in Sources */,
			);
			runOnlyForDeploymentPostprocessing = 0;
		};
/* End PBXSourcesBuildPhase section */

/* Begin PBXVariantGroup section */
		C481C18B1706282F00AF9EBB /* InfoPlist.strings */ = {
			isa = PBXVariantGroup;
			children = (
				C481C18C1706282F00AF9EBB /* en */,
			);
			name = InfoPlist.strings;
			sourceTree = "<group>";
		};
		C481C19A1706282F00AF9EBB /* MainStoryboard_iPhone.storyboard */ = {
			isa = PBXVariantGroup;
			children = (
				C481C19B1706282F00AF9EBB /* en */,
			);
			name = MainStoryboard_iPhone.storyboard;
			sourceTree = "<group>";
		};
		C481C19D1706282F00AF9EBB /* MainStoryboard_iPad.storyboard */ = {
			isa = PBXVariantGroup;
			children = (
				C481C19E1706282F00AF9EBB /* en */,
			);
			name = MainStoryboard_iPad.storyboard;
			sourceTree = "<group>";
		};
/* End PBXVariantGroup section */

/* Begin XCBuildConfiguration section */
		C481C1A91706282F00AF9EBB /* Debug */ = {
			isa = XCBuildConfiguration;
			buildSettings = {
				ALWAYS_SEARCH_USER_PATHS = NO;
				CLANG_CXX_LANGUAGE_STANDARD = "gnu++0x";
				CLANG_CXX_LIBRARY = "libc++";
				CLANG_ENABLE_OBJC_ARC = YES;
				CLANG_WARN_CONSTANT_CONVERSION = YES;
				CLANG_WARN_EMPTY_BODY = YES;
				CLANG_WARN_ENUM_CONVERSION = YES;
				CLANG_WARN_INT_CONVERSION = YES;
				CLANG_WARN__DUPLICATE_METHOD_MATCH = YES;
				"CODE_SIGN_IDENTITY[sdk=iphoneos*]" = "iPhone Developer";
				COPY_PHASE_STRIP = NO;
				GCC_C_LANGUAGE_STANDARD = gnu99;
				GCC_DYNAMIC_NO_PIC = NO;
				GCC_OPTIMIZATION_LEVEL = 0;
				GCC_PREPROCESSOR_DEFINITIONS = (
					"DEBUG=1",
					"$(inherited)",
				);
				GCC_SYMBOLS_PRIVATE_EXTERN = NO;
				GCC_WARN_ABOUT_RETURN_TYPE = YES;
				GCC_WARN_UNINITIALIZED_AUTOS = YES;
				GCC_WARN_UNUSED_VARIABLE = YES;
				IPHONEOS_DEPLOYMENT_TARGET = 6.1;
				ONLY_ACTIVE_ARCH = YES;
				SDKROOT = iphoneos;
				TARGETED_DEVICE_FAMILY = "1,2";
			};
			name = Debug;
		};
		C481C1AA1706282F00AF9EBB /* Release */ = {
			isa = XCBuildConfiguration;
			buildSettings = {
				ALWAYS_SEARCH_USER_PATHS = NO;
				CLANG_CXX_LANGUAGE_STANDARD = "gnu++0x";
				CLANG_CXX_LIBRARY = "libc++";
				CLANG_ENABLE_OBJC_ARC = YES;
				CLANG_WARN_CONSTANT_CONVERSION = YES;
				CLANG_WARN_EMPTY_BODY = YES;
				CLANG_WARN_ENUM_CONVERSION = YES;
				CLANG_WARN_INT_CONVERSION = YES;
				CLANG_WARN__DUPLICATE_METHOD_MATCH = YES;
				"CODE_SIGN_IDENTITY[sdk=iphoneos*]" = "iPhone Developer";
				COPY_PHASE_STRIP = YES;
				GCC_C_LANGUAGE_STANDARD = gnu99;
				GCC_WARN_ABOUT_RETURN_TYPE = YES;
				GCC_WARN_UNINITIALIZED_AUTOS = YES;
				GCC_WARN_UNUSED_VARIABLE = YES;
				IPHONEOS_DEPLOYMENT_TARGET = 6.1;
				OTHER_CFLAGS = "-DNS_BLOCK_ASSERTIONS=1";
				SDKROOT = iphoneos;
				TARGETED_DEVICE_FAMILY = "1,2";
				VALIDATE_PRODUCT = YES;
			};
			name = Release;
		};
		C481C1AC1706282F00AF9EBB /* Debug */ = {
			isa = XCBuildConfiguration;
			buildSettings = {
				GCC_PRECOMPILE_PREFIX_HEADER = YES;
				GCC_PREFIX_HEADER = "OneThing/OneThing-Prefix.pch";
				INFOPLIST_FILE = "OneThing/OneThing-Info.plist";
				PRODUCT_NAME = "$(TARGET_NAME)";
				WRAPPER_EXTENSION = app;
			};
			name = Debug;
		};
		C481C1AD1706282F00AF9EBB /* Release */ = {
			isa = XCBuildConfiguration;
			buildSettings = {
				GCC_PRECOMPILE_PREFIX_HEADER = YES;
				GCC_PREFIX_HEADER = "OneThing/OneThing-Prefix.pch";
				INFOPLIST_FILE = "OneThing/OneThing-Info.plist";
				PRODUCT_NAME = "$(TARGET_NAME)";
				WRAPPER_EXTENSION = app;
			};
			name = Release;
		};
/* End XCBuildConfiguration section */

/* Begin XCConfigurationList section */
		C481C1781706282F00AF9EBB /* Build configuration list for PBXProject "OneThing" */ = {
			isa = XCConfigurationList;
			buildConfigurations = (
				C481C1A91706282F00AF9EBB /* Debug */,
				C481C1AA1706282F00AF9EBB /* Release */,
			);
			defaultConfigurationIsVisible = 0;
			defaultConfigurationName = Release;
		};
		C481C1AB1706282F00AF9EBB /* Build configuration list for PBXNativeTarget "OneThing" */ = {
			isa = XCConfigurationList;
			buildConfigurations = (
				C481C1AC1706282F00AF9EBB /* Debug */,
				C481C1AD1706282F00AF9EBB /* Release */,
			);
			defaultConfigurationIsVisible = 0;
			defaultConfigurationName = Release;
		};
/* End XCConfigurationList section */

/* Begin XCVersionGroup section */
		C481C1A01706282F00AF9EBB /* OneThing.xcdatamodeld */ = {
			isa = XCVersionGroup;
			children = (
				C481C1A11706282F00AF9EBB /* OneThing.xcdatamodel */,
			);
			currentVersion = C481C1A11706282F00AF9EBB /* OneThing.xcdatamodel */;
			path = OneThing.xcdatamodeld;
			sourceTree = "<group>";
			versionGroupType = wrapper.xcdatamodel;
		};
/* End XCVersionGroup section */
	};
	rootObject = C481C1751706282F00AF9EBB /* Project object */;
}
